// !$*UTF8*$!
{
	archiveVersion = 1;
	classes = {
	};
	objectVersion = 50;
	objects = {

/* Begin PBXBuildFile section */
		C5023A4721F77CEB00912308 /* DemoTagCell.swift in Sources */ = {isa = PBXBuildFile; fileRef = C5023A4621F77CEB00912308 /* DemoTagCell.swift */; };
		C522D82821F64FD6007B2675 /* AppDelegate.swift in Sources */ = {isa = PBXBuildFile; fileRef = C522D82721F64FD6007B2675 /* AppDelegate.swift */; };
		C522D82A21F64FD6007B2675 /* ViewController.swift in Sources */ = {isa = PBXBuildFile; fileRef = C522D82921F64FD6007B2675 /* ViewController.swift */; };
		C522D82D21F64FD6007B2675 /* Main.storyboard in Resources */ = {isa = PBXBuildFile; fileRef = C522D82B21F64FD6007B2675 /* Main.storyboard */; };
		C522D82F21F64FD8007B2675 /* Assets.xcassets in Resources */ = {isa = PBXBuildFile; fileRef = C522D82E21F64FD8007B2675 /* Assets.xcassets */; };
		C522D83221F64FD8007B2675 /* LaunchScreen.storyboard in Resources */ = {isa = PBXBuildFile; fileRef = C522D83021F64FD8007B2675 /* LaunchScreen.storyboard */; };
		C522D83D21F64FD8007B2675 /* CarnivalEventTagCarouselTests.swift in Sources */ = {isa = PBXBuildFile; fileRef = C522D83C21F64FD8007B2675 /* CarnivalEventTagCarouselTests.swift */; };
		C522D84821F64FD8007B2675 /* CarnivalEventTagCarouselUITests.swift in Sources */ = {isa = PBXBuildFile; fileRef = C522D84721F64FD8007B2675 /* CarnivalEventTagCarouselUITests.swift */; };
		C522D85721F6516D007B2675 /* DemoTagView.swift in Sources */ = {isa = PBXBuildFile; fileRef = C522D85621F6516D007B2675 /* DemoTagView.swift */; };
		C522D85921F65223007B2675 /* UIView+Nib.swift in Sources */ = {isa = PBXBuildFile; fileRef = C522D85821F65223007B2675 /* UIView+Nib.swift */; };
		C522D85B21F65252007B2675 /* DemoTagView.xib in Resources */ = {isa = PBXBuildFile; fileRef = C522D85A21F65252007B2675 /* DemoTagView.xib */; };
		C522D86021F65410007B2675 /* CarouselTagView.swift in Sources */ = {isa = PBXBuildFile; fileRef = C522D85F21F65410007B2675 /* CarouselTagView.swift */; };
		C522D86521F655D9007B2675 /* Constraints+Activation+Priority.swift in Sources */ = {isa = PBXBuildFile; fileRef = C522D86221F655D9007B2675 /* Constraints+Activation+Priority.swift */; };
		C522D86621F655D9007B2675 /* UIView+Constraints.swift in Sources */ = {isa = PBXBuildFile; fileRef = C522D86321F655D9007B2675 /* UIView+Constraints.swift */; };
		C522D86721F655D9007B2675 /* Constrainable.swift in Sources */ = {isa = PBXBuildFile; fileRef = C522D86421F655D9007B2675 /* Constrainable.swift */; };
/* End PBXBuildFile section */

/* Begin PBXContainerItemProxy section */
		C522D83921F64FD8007B2675 /* PBXContainerItemProxy */ = {
			isa = PBXContainerItemProxy;
			containerPortal = C522D81C21F64FD6007B2675 /* Project object */;
			proxyType = 1;
			remoteGlobalIDString = C522D82321F64FD6007B2675;
			remoteInfo = CarnivalEventTagCarousel;
		};
		C522D84421F64FD8007B2675 /* PBXContainerItemProxy */ = {
			isa = PBXContainerItemProxy;
			containerPortal = C522D81C21F64FD6007B2675 /* Project object */;
			proxyType = 1;
			remoteGlobalIDString = C522D82321F64FD6007B2675;
			remoteInfo = CarnivalEventTagCarousel;
		};
/* End PBXContainerItemProxy section */

/* Begin PBXFileReference section */
		C5023A4621F77CEB00912308 /* DemoTagCell.swift */ = {isa = PBXFileReference; lastKnownFileType = sourcecode.swift; path = DemoTagCell.swift; sourceTree = "<group>"; };
		C522D82421F64FD6007B2675 /* TagViewDemo.app */ = {isa = PBXFileReference; explicitFileType = wrapper.application; includeInIndex = 0; path = TagViewDemo.app; sourceTree = BUILT_PRODUCTS_DIR; };
		C522D82721F64FD6007B2675 /* AppDelegate.swift */ = {isa = PBXFileReference; lastKnownFileType = sourcecode.swift; path = AppDelegate.swift; sourceTree = "<group>"; };
		C522D82921F64FD6007B2675 /* ViewController.swift */ = {isa = PBXFileReference; lastKnownFileType = sourcecode.swift; path = ViewController.swift; sourceTree = "<group>"; };
		C522D82C21F64FD6007B2675 /* Base */ = {isa = PBXFileReference; lastKnownFileType = file.storyboard; name = Base; path = Base.lproj/Main.storyboard; sourceTree = "<group>"; };
		C522D82E21F64FD8007B2675 /* Assets.xcassets */ = {isa = PBXFileReference; lastKnownFileType = folder.assetcatalog; path = Assets.xcassets; sourceTree = "<group>"; };
		C522D83121F64FD8007B2675 /* Base */ = {isa = PBXFileReference; lastKnownFileType = file.storyboard; name = Base; path = Base.lproj/LaunchScreen.storyboard; sourceTree = "<group>"; };
		C522D83321F64FD8007B2675 /* Info.plist */ = {isa = PBXFileReference; lastKnownFileType = text.plist.xml; path = Info.plist; sourceTree = "<group>"; };
		C522D83821F64FD8007B2675 /* TagViewDemoTests.xctest */ = {isa = PBXFileReference; explicitFileType = wrapper.cfbundle; includeInIndex = 0; path = TagViewDemoTests.xctest; sourceTree = BUILT_PRODUCTS_DIR; };
		C522D83C21F64FD8007B2675 /* CarnivalEventTagCarouselTests.swift */ = {isa = PBXFileReference; lastKnownFileType = sourcecode.swift; path = CarnivalEventTagCarouselTests.swift; sourceTree = "<group>"; };
		C522D83E21F64FD8007B2675 /* Info.plist */ = {isa = PBXFileReference; lastKnownFileType = text.plist.xml; path = Info.plist; sourceTree = "<group>"; };
		C522D84321F64FD8007B2675 /* TagViewDemoUITests.xctest */ = {isa = PBXFileReference; explicitFileType = wrapper.cfbundle; includeInIndex = 0; path = TagViewDemoUITests.xctest; sourceTree = BUILT_PRODUCTS_DIR; };
		C522D84721F64FD8007B2675 /* CarnivalEventTagCarouselUITests.swift */ = {isa = PBXFileReference; lastKnownFileType = sourcecode.swift; path = CarnivalEventTagCarouselUITests.swift; sourceTree = "<group>"; };
		C522D84921F64FD8007B2675 /* Info.plist */ = {isa = PBXFileReference; lastKnownFileType = text.plist.xml; path = Info.plist; sourceTree = "<group>"; };
		C522D85621F6516D007B2675 /* DemoTagView.swift */ = {isa = PBXFileReference; lastKnownFileType = sourcecode.swift; path = DemoTagView.swift; sourceTree = "<group>"; };
		C522D85821F65223007B2675 /* UIView+Nib.swift */ = {isa = PBXFileReference; fileEncoding = 4; lastKnownFileType = sourcecode.swift; path = "UIView+Nib.swift"; sourceTree = "<group>"; };
		C522D85A21F65252007B2675 /* DemoTagView.xib */ = {isa = PBXFileReference; lastKnownFileType = file.xib; path = DemoTagView.xib; sourceTree = "<group>"; };
		C522D85F21F65410007B2675 /* CarouselTagView.swift */ = {isa = PBXFileReference; lastKnownFileType = sourcecode.swift; path = CarouselTagView.swift; sourceTree = "<group>"; };
		C522D86221F655D9007B2675 /* Constraints+Activation+Priority.swift */ = {isa = PBXFileReference; fileEncoding = 4; lastKnownFileType = sourcecode.swift; path = "Constraints+Activation+Priority.swift"; sourceTree = "<group>"; };
		C522D86321F655D9007B2675 /* UIView+Constraints.swift */ = {isa = PBXFileReference; fileEncoding = 4; lastKnownFileType = sourcecode.swift; path = "UIView+Constraints.swift"; sourceTree = "<group>"; };
		C522D86421F655D9007B2675 /* Constrainable.swift */ = {isa = PBXFileReference; fileEncoding = 4; lastKnownFileType = sourcecode.swift; path = Constrainable.swift; sourceTree = "<group>"; };
/* End PBXFileReference section */

/* Begin PBXFrameworksBuildPhase section */
		C522D82121F64FD6007B2675 /* Frameworks */ = {
			isa = PBXFrameworksBuildPhase;
			buildActionMask = 2147483647;
			files = (
			);
			runOnlyForDeploymentPostprocessing = 0;
		};
		C522D83521F64FD8007B2675 /* Frameworks */ = {
			isa = PBXFrameworksBuildPhase;
			buildActionMask = 2147483647;
			files = (
			);
			runOnlyForDeploymentPostprocessing = 0;
		};
		C522D84021F64FD8007B2675 /* Frameworks */ = {
			isa = PBXFrameworksBuildPhase;
			buildActionMask = 2147483647;
			files = (
			);
			runOnlyForDeploymentPostprocessing = 0;
		};
/* End PBXFrameworksBuildPhase section */

/* Begin PBXGroup section */
		C5023A4421F77C5600912308 /* Utilities */ = {
			isa = PBXGroup;
			children = (
				C522D86121F655D9007B2675 /* Constraints */,
				C522D85821F65223007B2675 /* UIView+Nib.swift */,
			);
			path = Utilities;
			sourceTree = "<group>";
		};
		C5023A4521F77CA500912308 /* DemoCell */ = {
			isa = PBXGroup;
			children = (
				C522D85621F6516D007B2675 /* DemoTagView.swift */,
				C522D85A21F65252007B2675 /* DemoTagView.xib */,
				C5023A4621F77CEB00912308 /* DemoTagCell.swift */,
			);
			path = DemoCell;
			sourceTree = "<group>";
		};
		C522D81B21F64FD6007B2675 = {
			isa = PBXGroup;
			children = (
				C522D82621F64FD6007B2675 /* CarouselTagViewDemo */,
				C522D83B21F64FD8007B2675 /* CarnivalEventTagCarouselTests */,
				C522D84621F64FD8007B2675 /* CarnivalEventTagCarouselUITests */,
				C522D82521F64FD6007B2675 /* Products */,
			);
			sourceTree = "<group>";
		};
		C522D82521F64FD6007B2675 /* Products */ = {
			isa = PBXGroup;
			children = (
				C522D82421F64FD6007B2675 /* TagViewDemo.app */,
				C522D83821F64FD8007B2675 /* TagViewDemoTests.xctest */,
				C522D84321F64FD8007B2675 /* TagViewDemoUITests.xctest */,
			);
			name = Products;
			sourceTree = "<group>";
		};
		C522D82621F64FD6007B2675 /* CarouselTagViewDemo */ = {
			isa = PBXGroup;
			children = (
				C5023A4421F77C5600912308 /* Utilities */,
				C522D85521F65090007B2675 /* CarouselTagView */,
				C5023A4521F77CA500912308 /* DemoCell */,
				C522D82721F64FD6007B2675 /* AppDelegate.swift */,
				C522D82921F64FD6007B2675 /* ViewController.swift */,
				C522D82B21F64FD6007B2675 /* Main.storyboard */,
				C522D82E21F64FD8007B2675 /* Assets.xcassets */,
				C522D83021F64FD8007B2675 /* LaunchScreen.storyboard */,
				C522D83321F64FD8007B2675 /* Info.plist */,
			);
			path = CarouselTagViewDemo;
			sourceTree = "<group>";
		};
		C522D83B21F64FD8007B2675 /* CarnivalEventTagCarouselTests */ = {
			isa = PBXGroup;
			children = (
				C522D83C21F64FD8007B2675 /* CarnivalEventTagCarouselTests.swift */,
				C522D83E21F64FD8007B2675 /* Info.plist */,
			);
			path = CarnivalEventTagCarouselTests;
			sourceTree = "<group>";
		};
		C522D84621F64FD8007B2675 /* CarnivalEventTagCarouselUITests */ = {
			isa = PBXGroup;
			children = (
				C522D84721F64FD8007B2675 /* CarnivalEventTagCarouselUITests.swift */,
				C522D84921F64FD8007B2675 /* Info.plist */,
			);
			path = CarnivalEventTagCarouselUITests;
			sourceTree = "<group>";
		};
		C522D85521F65090007B2675 /* CarouselTagView */ = {
			isa = PBXGroup;
			children = (
				C522D85F21F65410007B2675 /* CarouselTagView.swift */,
			);
			path = CarouselTagView;
			sourceTree = "<group>";
		};
		C522D86121F655D9007B2675 /* Constraints */ = {
			isa = PBXGroup;
			children = (
				C522D86221F655D9007B2675 /* Constraints+Activation+Priority.swift */,
				C522D86321F655D9007B2675 /* UIView+Constraints.swift */,
				C522D86421F655D9007B2675 /* Constrainable.swift */,
			);
			path = Constraints;
			sourceTree = "<group>";
		};
/* End PBXGroup section */

/* Begin PBXNativeTarget section */
		C522D82321F64FD6007B2675 /* TagViewDemo */ = {
			isa = PBXNativeTarget;
			buildConfigurationList = C522D84C21F64FD8007B2675 /* Build configuration list for PBXNativeTarget "TagViewDemo" */;
			buildPhases = (
				C522D82021F64FD6007B2675 /* Sources */,
				C522D82121F64FD6007B2675 /* Frameworks */,
				C522D82221F64FD6007B2675 /* Resources */,
			);
			buildRules = (
			);
			dependencies = (
			);
			name = TagViewDemo;
			productName = CarnivalEventTagCarousel;
			productReference = C522D82421F64FD6007B2675 /* TagViewDemo.app */;
			productType = "com.apple.product-type.application";
		};
		C522D83721F64FD8007B2675 /* TagViewDemoTests */ = {
			isa = PBXNativeTarget;
			buildConfigurationList = C522D84F21F64FD8007B2675 /* Build configuration list for PBXNativeTarget "TagViewDemoTests" */;
			buildPhases = (
				C522D83421F64FD8007B2675 /* Sources */,
				C522D83521F64FD8007B2675 /* Frameworks */,
				C522D83621F64FD8007B2675 /* Resources */,
			);
			buildRules = (
			);
			dependencies = (
				C522D83A21F64FD8007B2675 /* PBXTargetDependency */,
			);
			name = TagViewDemoTests;
			productName = CarnivalEventTagCarouselTests;
			productReference = C522D83821F64FD8007B2675 /* TagViewDemoTests.xctest */;
			productType = "com.apple.product-type.bundle.unit-test";
		};
		C522D84221F64FD8007B2675 /* TagViewDemoUITests */ = {
			isa = PBXNativeTarget;
			buildConfigurationList = C522D85221F64FD8007B2675 /* Build configuration list for PBXNativeTarget "TagViewDemoUITests" */;
			buildPhases = (
				C522D83F21F64FD8007B2675 /* Sources */,
				C522D84021F64FD8007B2675 /* Frameworks */,
				C522D84121F64FD8007B2675 /* Resources */,
			);
			buildRules = (
			);
			dependencies = (
				C522D84521F64FD8007B2675 /* PBXTargetDependency */,
			);
			name = TagViewDemoUITests;
			productName = CarnivalEventTagCarouselUITests;
			productReference = C522D84321F64FD8007B2675 /* TagViewDemoUITests.xctest */;
			productType = "com.apple.product-type.bundle.ui-testing";
		};
/* End PBXNativeTarget section */

/* Begin PBXProject section */
		C522D81C21F64FD6007B2675 /* Project object */ = {
			isa = PBXProject;
			attributes = {
				LastSwiftUpdateCheck = 1010;
				LastUpgradeCheck = 1010;
				ORGANIZATIONNAME = TSD055;
				TargetAttributes = {
					C522D82321F64FD6007B2675 = {
						CreatedOnToolsVersion = 10.1;
					};
					C522D83721F64FD8007B2675 = {
						CreatedOnToolsVersion = 10.1;
						TestTargetID = C522D82321F64FD6007B2675;
					};
					C522D84221F64FD8007B2675 = {
						CreatedOnToolsVersion = 10.1;
						TestTargetID = C522D82321F64FD6007B2675;
					};
				};
			};
			buildConfigurationList = C522D81F21F64FD6007B2675 /* Build configuration list for PBXProject "TagViewDemo" */;
			compatibilityVersion = "Xcode 9.3";
			developmentRegion = en;
			hasScannedForEncodings = 0;
			knownRegions = (
				en,
				Base,
			);
			mainGroup = C522D81B21F64FD6007B2675;
			productRefGroup = C522D82521F64FD6007B2675 /* Products */;
			projectDirPath = "";
			projectRoot = "";
			targets = (
				C522D82321F64FD6007B2675 /* TagViewDemo */,
				C522D83721F64FD8007B2675 /* TagViewDemoTests */,
				C522D84221F64FD8007B2675 /* TagViewDemoUITests */,
			);
		};
/* End PBXProject section */

/* Begin PBXResourcesBuildPhase section */
		C522D82221F64FD6007B2675 /* Resources */ = {
			isa = PBXResourcesBuildPhase;
			buildActionMask = 2147483647;
			files = (
				C522D83221F64FD8007B2675 /* LaunchScreen.storyboard in Resources */,
				C522D82F21F64FD8007B2675 /* Assets.xcassets in Resources */,
				C522D82D21F64FD6007B2675 /* Main.storyboard in Resources */,
				C522D85B21F65252007B2675 /* DemoTagView.xib in Resources */,
			);
			runOnlyForDeploymentPostprocessing = 0;
		};
		C522D83621F64FD8007B2675 /* Resources */ = {
			isa = PBXResourcesBuildPhase;
			buildActionMask = 2147483647;
			files = (
			);
			runOnlyForDeploymentPostprocessing = 0;
		};
		C522D84121F64FD8007B2675 /* Resources */ = {
			isa = PBXResourcesBuildPhase;
			buildActionMask = 2147483647;
			files = (
			);
			runOnlyForDeploymentPostprocessing = 0;
		};
/* End PBXResourcesBuildPhase section */

/* Begin PBXSourcesBuildPhase section */
		C522D82021F64FD6007B2675 /* Sources */ = {
			isa = PBXSourcesBuildPhase;
			buildActionMask = 2147483647;
			files = (
				C522D85921F65223007B2675 /* UIView+Nib.swift in Sources */,
				C522D82A21F64FD6007B2675 /* ViewController.swift in Sources */,
				C522D86521F655D9007B2675 /* Constraints+Activation+Priority.swift in Sources */,
				C522D86721F655D9007B2675 /* Constrainable.swift in Sources */,
				C522D86621F655D9007B2675 /* UIView+Constraints.swift in Sources */,
				C5023A4721F77CEB00912308 /* DemoTagCell.swift in Sources */,
				C522D86021F65410007B2675 /* CarouselTagView.swift in Sources */,
				C522D82821F64FD6007B2675 /* AppDelegate.swift in Sources */,
				C522D85721F6516D007B2675 /* DemoTagView.swift in Sources */,
			);
			runOnlyForDeploymentPostprocessing = 0;
		};
		C522D83421F64FD8007B2675 /* Sources */ = {
			isa = PBXSourcesBuildPhase;
			buildActionMask = 2147483647;
			files = (
				C522D83D21F64FD8007B2675 /* CarnivalEventTagCarouselTests.swift in Sources */,
			);
			runOnlyForDeploymentPostprocessing = 0;
		};
		C522D83F21F64FD8007B2675 /* Sources */ = {
			isa = PBXSourcesBuildPhase;
			buildActionMask = 2147483647;
			files = (
				C522D84821F64FD8007B2675 /* CarnivalEventTagCarouselUITests.swift in Sources */,
			);
			runOnlyForDeploymentPostprocessing = 0;
		};
/* End PBXSourcesBuildPhase section */

/* Begin PBXTargetDependency section */
		C522D83A21F64FD8007B2675 /* PBXTargetDependency */ = {
			isa = PBXTargetDependency;
			target = C522D82321F64FD6007B2675 /* TagViewDemo */;
			targetProxy = C522D83921F64FD8007B2675 /* PBXContainerItemProxy */;
		};
		C522D84521F64FD8007B2675 /* PBXTargetDependency */ = {
			isa = PBXTargetDependency;
			target = C522D82321F64FD6007B2675 /* TagViewDemo */;
			targetProxy = C522D84421F64FD8007B2675 /* PBXContainerItemProxy */;
		};
/* End PBXTargetDependency section */

/* Begin PBXVariantGroup section */
		C522D82B21F64FD6007B2675 /* Main.storyboard */ = {
			isa = PBXVariantGroup;
			children = (
				C522D82C21F64FD6007B2675 /* Base */,
			);
			name = Main.storyboard;
			sourceTree = "<group>";
		};
		C522D83021F64FD8007B2675 /* LaunchScreen.storyboard */ = {
			isa = PBXVariantGroup;
			children = (
				C522D83121F64FD8007B2675 /* Base */,
			);
			name = LaunchScreen.storyboard;
			sourceTree = "<group>";
		};
/* End PBXVariantGroup section */

/* Begin XCBuildConfiguration section */
		C522D84A21F64FD8007B2675 /* Debug */ = {
			isa = XCBuildConfiguration;
			buildSettings = {
				ALWAYS_SEARCH_USER_PATHS = NO;
				CLANG_ANALYZER_NONNULL = YES;
				CLANG_ANALYZER_NUMBER_OBJECT_CONVERSION = YES_AGGRESSIVE;
				CLANG_CXX_LANGUAGE_STANDARD = "gnu++14";
				CLANG_CXX_LIBRARY = "libc++";
				CLANG_ENABLE_MODULES = YES;
				CLANG_ENABLE_OBJC_ARC = YES;
				CLANG_ENABLE_OBJC_WEAK = YES;
				CLANG_WARN_BLOCK_CAPTURE_AUTORELEASING = YES;
				CLANG_WARN_BOOL_CONVERSION = YES;
				CLANG_WARN_COMMA = YES;
				CLANG_WARN_CONSTANT_CONVERSION = YES;
				CLANG_WARN_DEPRECATED_OBJC_IMPLEMENTATIONS = YES;
				CLANG_WARN_DIRECT_OBJC_ISA_USAGE = YES_ERROR;
				CLANG_WARN_DOCUMENTATION_COMMENTS = YES;
				CLANG_WARN_EMPTY_BODY = YES;
				CLANG_WARN_ENUM_CONVERSION = YES;
				CLANG_WARN_INFINITE_RECURSION = YES;
				CLANG_WARN_INT_CONVERSION = YES;
				CLANG_WARN_NON_LITERAL_NULL_CONVERSION = YES;
				CLANG_WARN_OBJC_IMPLICIT_RETAIN_SELF = YES;
				CLANG_WARN_OBJC_LITERAL_CONVERSION = YES;
				CLANG_WARN_OBJC_ROOT_CLASS = YES_ERROR;
				CLANG_WARN_RANGE_LOOP_ANALYSIS = YES;
				CLANG_WARN_STRICT_PROTOTYPES = YES;
				CLANG_WARN_SUSPICIOUS_MOVE = YES;
				CLANG_WARN_UNGUARDED_AVAILABILITY = YES_AGGRESSIVE;
				CLANG_WARN_UNREACHABLE_CODE = YES;
				CLANG_WARN__DUPLICATE_METHOD_MATCH = YES;
				CODE_SIGN_IDENTITY = "iPhone Developer";
				COPY_PHASE_STRIP = NO;
				DEBUG_INFORMATION_FORMAT = dwarf;
				ENABLE_STRICT_OBJC_MSGSEND = YES;
				ENABLE_TESTABILITY = YES;
				GCC_C_LANGUAGE_STANDARD = gnu11;
				GCC_DYNAMIC_NO_PIC = NO;
				GCC_NO_COMMON_BLOCKS = YES;
				GCC_OPTIMIZATION_LEVEL = 0;
				GCC_PREPROCESSOR_DEFINITIONS = (
					"DEBUG=1",
					"$(inherited)",
				);
				GCC_WARN_64_TO_32_BIT_CONVERSION = YES;
				GCC_WARN_ABOUT_RETURN_TYPE = YES_ERROR;
				GCC_WARN_UNDECLARED_SELECTOR = YES;
				GCC_WARN_UNINITIALIZED_AUTOS = YES_AGGRESSIVE;
				GCC_WARN_UNUSED_FUNCTION = YES;
				GCC_WARN_UNUSED_VARIABLE = YES;
				IPHONEOS_DEPLOYMENT_TARGET = 12.1;
				MTL_ENABLE_DEBUG_INFO = INCLUDE_SOURCE;
				MTL_FAST_MATH = YES;
				ONLY_ACTIVE_ARCH = YES;
				SDKROOT = iphoneos;
				SWIFT_ACTIVE_COMPILATION_CONDITIONS = DEBUG;
				SWIFT_OPTIMIZATION_LEVEL = "-Onone";
			};
			name = Debug;
		};
		C522D84B21F64FD8007B2675 /* Release */ = {
			isa = XCBuildConfiguration;
			buildSettings = {
				ALWAYS_SEARCH_USER_PATHS = NO;
				CLANG_ANALYZER_NONNULL = YES;
				CLANG_ANALYZER_NUMBER_OBJECT_CONVERSION = YES_AGGRESSIVE;
				CLANG_CXX_LANGUAGE_STANDARD = "gnu++14";
				CLANG_CXX_LIBRARY = "libc++";
				CLANG_ENABLE_MODULES = YES;
				CLANG_ENABLE_OBJC_ARC = YES;
				CLANG_ENABLE_OBJC_WEAK = YES;
				CLANG_WARN_BLOCK_CAPTURE_AUTORELEASING = YES;
				CLANG_WARN_BOOL_CONVERSION = YES;
				CLANG_WARN_COMMA = YES;
				CLANG_WARN_CONSTANT_CONVERSION = YES;
				CLANG_WARN_DEPRECATED_OBJC_IMPLEMENTATIONS = YES;
				CLANG_WARN_DIRECT_OBJC_ISA_USAGE = YES_ERROR;
				CLANG_WARN_DOCUMENTATION_COMMENTS = YES;
				CLANG_WARN_EMPTY_BODY = YES;
				CLANG_WARN_ENUM_CONVERSION = YES;
				CLANG_WARN_INFINITE_RECURSION = YES;
				CLANG_WARN_INT_CONVERSION = YES;
				CLANG_WARN_NON_LITERAL_NULL_CONVERSION = YES;
				CLANG_WARN_OBJC_IMPLICIT_RETAIN_SELF = YES;
				CLANG_WARN_OBJC_LITERAL_CONVERSION = YES;
				CLANG_WARN_OBJC_ROOT_CLASS = YES_ERROR;
				CLANG_WARN_RANGE_LOOP_ANALYSIS = YES;
				CLANG_WARN_STRICT_PROTOTYPES = YES;
				CLANG_WARN_SUSPICIOUS_MOVE = YES;
				CLANG_WARN_UNGUARDED_AVAILABILITY = YES_AGGRESSIVE;
				CLANG_WARN_UNREACHABLE_CODE = YES;
				CLANG_WARN__DUPLICATE_METHOD_MATCH = YES;
				CODE_SIGN_IDENTITY = "iPhone Developer";
				COPY_PHASE_STRIP = NO;
				DEBUG_INFORMATION_FORMAT = "dwarf-with-dsym";
				ENABLE_NS_ASSERTIONS = NO;
				ENABLE_STRICT_OBJC_MSGSEND = YES;
				GCC_C_LANGUAGE_STANDARD = gnu11;
				GCC_NO_COMMON_BLOCKS = YES;
				GCC_WARN_64_TO_32_BIT_CONVERSION = YES;
				GCC_WARN_ABOUT_RETURN_TYPE = YES_ERROR;
				GCC_WARN_UNDECLARED_SELECTOR = YES;
				GCC_WARN_UNINITIALIZED_AUTOS = YES_AGGRESSIVE;
				GCC_WARN_UNUSED_FUNCTION = YES;
				GCC_WARN_UNUSED_VARIABLE = YES;
				IPHONEOS_DEPLOYMENT_TARGET = 12.1;
				MTL_ENABLE_DEBUG_INFO = NO;
				MTL_FAST_MATH = YES;
				SDKROOT = iphoneos;
				SWIFT_COMPILATION_MODE = wholemodule;
				SWIFT_OPTIMIZATION_LEVEL = "-O";
				VALIDATE_PRODUCT = YES;
			};
			name = Release;
		};
		C522D84D21F64FD8007B2675 /* Debug */ = {
			isa = XCBuildConfiguration;
			buildSettings = {
				ASSETCATALOG_COMPILER_APPICON_NAME = AppIcon;
				CODE_SIGN_STYLE = Automatic;
				DEVELOPMENT_TEAM = 66T4X4PK9Q;
				INFOPLIST_FILE = CarouselTagViewDemo/Info.plist;
				IPHONEOS_DEPLOYMENT_TARGET = 11.0;
				LD_RUNPATH_SEARCH_PATHS = (
					"$(inherited)",
					"@executable_path/Frameworks",
				);
				PRODUCT_BUNDLE_IDENTIFIER = com.paigesun.EventTagCarousel;
				PRODUCT_NAME = "$(TARGET_NAME)";
				SWIFT_VERSION = 4.2;
				TARGETED_DEVICE_FAMILY = "1,2";
			};
			name = Debug;
		};
		C522D84E21F64FD8007B2675 /* Release */ = {
			isa = XCBuildConfiguration;
			buildSettings = {
				ASSETCATALOG_COMPILER_APPICON_NAME = AppIcon;
				CODE_SIGN_STYLE = Automatic;
				DEVELOPMENT_TEAM = 66T4X4PK9Q;
				INFOPLIST_FILE = CarouselTagViewDemo/Info.plist;
				IPHONEOS_DEPLOYMENT_TARGET = 11.0;
				LD_RUNPATH_SEARCH_PATHS = (
					"$(inherited)",
					"@executable_path/Frameworks",
				);
				PRODUCT_BUNDLE_IDENTIFIER = com.paigesun.EventTagCarousel;
				PRODUCT_NAME = "$(TARGET_NAME)";
				SWIFT_VERSION = 4.2;
				TARGETED_DEVICE_FAMILY = "1,2";
			};
			name = Release;
		};
		C522D85021F64FD8007B2675 /* Debug */ = {
			isa = XCBuildConfiguration;
			buildSettings = {
				ALWAYS_EMBED_SWIFT_STANDARD_LIBRARIES = YES;
				BUNDLE_LOADER = "$(TEST_HOST)";
				CODE_SIGN_STYLE = Automatic;
				INFOPLIST_FILE = CarnivalEventTagCarouselTests/Info.plist;
				LD_RUNPATH_SEARCH_PATHS = (
					"$(inherited)",
					"@executable_path/Frameworks",
					"@loader_path/Frameworks",
				);
				PRODUCT_BUNDLE_IDENTIFIER = com.tribalscale.CarnivalEventTagCarouselTests;
				PRODUCT_NAME = "$(TARGET_NAME)";
				SWIFT_VERSION = 4.2;
				TARGETED_DEVICE_FAMILY = "1,2";
				TEST_HOST = "$(BUILT_PRODUCTS_DIR)/TagViewDemo.app/TagViewDemo";
			};
			name = Debug;
		};
		C522D85121F64FD8007B2675 /* Release */ = {
			isa = XCBuildConfiguration;
			buildSettings = {
				ALWAYS_EMBED_SWIFT_STANDARD_LIBRARIES = YES;
				BUNDLE_LOADER = "$(TEST_HOST)";
				CODE_SIGN_STYLE = Automatic;
				INFOPLIST_FILE = CarnivalEventTagCarouselTests/Info.plist;
				LD_RUNPATH_SEARCH_PATHS = (
					"$(inherited)",
					"@executable_path/Frameworks",
					"@loader_path/Frameworks",
				);
				PRODUCT_BUNDLE_IDENTIFIER = com.tribalscale.CarnivalEventTagCarouselTests;
				PRODUCT_NAME = "$(TARGET_NAME)";
				SWIFT_VERSION = 4.2;
				TARGETED_DEVICE_FAMILY = "1,2";
				TEST_HOST = "$(BUILT_PRODUCTS_DIR)/TagViewDemo.app/TagViewDemo";
			};
			name = Release;
		};
		C522D85321F64FD8007B2675 /* Debug */ = {
			isa = XCBuildConfiguration;
			buildSettings = {
				ALWAYS_EMBED_SWIFT_STANDARD_LIBRARIES = YES;
				CODE_SIGN_STYLE = Automatic;
				INFOPLIST_FILE = CarnivalEventTagCarouselUITests/Info.plist;
				LD_RUNPATH_SEARCH_PATHS = (
					"$(inherited)",
					"@executable_path/Frameworks",
					"@loader_path/Frameworks",
				);
				PRODUCT_BUNDLE_IDENTIFIER = com.tribalscale.CarnivalEventTagCarouselUITests;
				PRODUCT_NAME = "$(TARGET_NAME)";
				SWIFT_VERSION = 4.2;
				TARGETED_DEVICE_FAMILY = "1,2";
				TEST_TARGET_NAME = CarnivalEventTagCarousel;
			};
			name = Debug;
		};
		C522D85421F64FD8007B2675 /* Release */ = {
			isa = XCBuildConfiguration;
			buildSettings = {
				ALWAYS_EMBED_SWIFT_STANDARD_LIBRARIES = YES;
				CODE_SIGN_STYLE = Automatic;
				INFOPLIST_FILE = CarnivalEventTagCarouselUITests/Info.plist;
				LD_RUNPATH_SEARCH_PATHS = (
					"$(inherited)",
					"@executable_path/Frameworks",
					"@loader_path/Frameworks",
				);
				PRODUCT_BUNDLE_IDENTIFIER = com.tribalscale.CarnivalEventTagCarouselUITests;
				PRODUCT_NAME = "$(TARGET_NAME)";
				SWIFT_VERSION = 4.2;
				TARGETED_DEVICE_FAMILY = "1,2";
				TEST_TARGET_NAME = CarnivalEventTagCarousel;
			};
			name = Release;
		};
/* End XCBuildConfiguration section */

/* Begin XCConfigurationList section */
		C522D81F21F64FD6007B2675 /* Build configuration list for PBXProject "TagViewDemo" */ = {
			isa = XCConfigurationList;
			buildConfigurations = (
				C522D84A21F64FD8007B2675 /* Debug */,
				C522D84B21F64FD8007B2675 /* Release */,
			);
			defaultConfigurationIsVisible = 0;
			defaultConfigurationName = Release;
		};
		C522D84C21F64FD8007B2675 /* Build configuration list for PBXNativeTarget "TagViewDemo" */ = {
			isa = XCConfigurationList;
			buildConfigurations = (
				C522D84D21F64FD8007B2675 /* Debug */,
				C522D84E21F64FD8007B2675 /* Release */,
			);
			defaultConfigurationIsVisible = 0;
			defaultConfigurationName = Release;
		};
		C522D84F21F64FD8007B2675 /* Build configuration list for PBXNativeTarget "TagViewDemoTests" */ = {
			isa = XCConfigurationList;
			buildConfigurations = (
				C522D85021F64FD8007B2675 /* Debug */,
				C522D85121F64FD8007B2675 /* Release */,
			);
			defaultConfigurationIsVisible = 0;
			defaultConfigurationName = Release;
		};
		C522D85221F64FD8007B2675 /* Build configuration list for PBXNativeTarget "TagViewDemoUITests" */ = {
			isa = XCConfigurationList;
			buildConfigurations = (
				C522D85321F64FD8007B2675 /* Debug */,
				C522D85421F64FD8007B2675 /* Release */,
			);
			defaultConfigurationIsVisible = 0;
			defaultConfigurationName = Release;
		};
/* End XCConfigurationList section */
	};
	rootObject = C522D81C21F64FD6007B2675 /* Project object */;
}
